
Microsoft Visual Studio Solution File, Format Version 12.00
# Visual Studio Version 17
VisualStudioVersion = 17.1.32210.238
MinimumVisualStudioVersion = 10.0.40219.1
Project("{9A19103F-16F7-4668-BE54-9A1E7A4F7556}") = "RegularExpression", "RegularExpression.csproj", "{B1DBCD91-5FE3-46BB-BCE6-2CA135399DF0}"
EndProject
Project("{9A19103F-16F7-4668-BE54-9A1E7A4F7556}") = "UserRegistrationTesting", "..\UserRegistrationTesting\UserRegistrationTesting.csproj", "{551104DA-9FA4-4B05-9F03-64E6DF00EE4F}"
EndProject
Global
	GlobalSection(SolutionConfigurationPlatforms) = preSolution
		Debug|Any CPU = Debug|Any CPU
		Release|Any CPU = Release|Any CPU
	EndGlobalSection
	GlobalSection(ProjectConfigurationPlatforms) = postSolution
		{B1DBCD91-5FE3-46BB-BCE6-2CA135399DF0}.Debug|Any CPU.ActiveCfg = Debug|Any CPU
		{B1DBCD91-5FE3-46BB-BCE6-2CA135399DF0}.Debug|Any CPU.Build.0 = Debug|Any CPU
		{B1DBCD91-5FE3-46BB-BCE6-2CA135399DF0}.Release|Any CPU.ActiveCfg = Release|Any CPU
		{B1DBCD91-5FE3-46BB-BCE6-2CA135399DF0}.Release|Any CPU.Build.0 = Release|Any CPU
		{551104DA-9FA4-4B05-9F03-64E6DF00EE4F}.Debug|Any CPU.ActiveCfg = Debug|Any CPU
		{551104DA-9FA4-4B05-9F03-64E6DF00EE4F}.Debug|Any CPU.Build.0 = Debug|Any CPU
		{551104DA-9FA4-4B05-9F03-64E6DF00EE4F}.Release|Any CPU.ActiveCfg = Release|Any CPU
		{551104DA-9FA4-4B05-9F03-64E6DF00EE4F}.Release|Any CPU.Build.0 = Release|Any CPU
	EndGlobalSection
	GlobalSection(SolutionProperties) = preSolution
		HideSolutionNode = FALSE
	EndGlobalSection
	GlobalSection(ExtensibilityGlobals) = postSolution
		SolutionGuid = {D5E9D1DD-6FA2-4828-9BAF-7CCCA5181D9F}
	EndGlobalSection
EndGlobal
